{
  "name": "serendipity-keycloak-theme",
  "version": "0.0.1",
  "lockfileVersion": 1,
  "requires": true,
  "dependencies": {
    "@material/animation": {
      "version": "5.1.0",
      "resolved": "https://registry.npmjs.org/@material/animation/-/animation-5.1.0.tgz",
      "integrity": "sha512-qZuPCZkTsCQCzx5EtY2eNBcmYOMGMbFVq6VTmvQztDCYDykT8JfP8Hpk55Y5bGORHvBbIasUXzoAhfQs6w/Bdg==",
      "requires": {
        "tslib": "^1.9.3"
      }
    },
    "@material/auto-init": {
      "version": "5.1.0",
      "resolved": "https://registry.npmjs.org/@material/auto-init/-/auto-init-5.1.0.tgz",
      "integrity": "sha512-yal8Bo1cxGclFmXqg9l77PE34g1B3JS+YLBeGeZGXMsKrMcFV4105aipRPYujdKJsUS5eBFeskinJtOIo+gtUw==",
      "requires": {
        "@material/base": "^5.1.0",
        "tslib": "^1.9.3"
      }
    },
    "@material/base": {
      "version": "5.1.0",
      "resolved": "https://registry.npmjs.org/@material/base/-/base-5.1.0.tgz",
      "integrity": "sha512-UxVFKpSNaoKqd7hHxy9hrvwANp0WJy/BZqu8Rj/aRvKnBZnuHehFuOysI9WqdeTqgveJaQoj6EEkVEqLurR5Sg==",
      "requires": {
        "tslib": "^1.9.3"
      }
    },
    "@material/button": {
      "version": "5.1.0",
      "resolved": "https://registry.npmjs.org/@material/button/-/button-5.1.0.tgz",
      "integrity": "sha512-umeuIEbeRRd0cY+5axhrBoM0dvJ4YfoTsUbKgz4ctFxHLBsgthFUIXSa3Ot15s284UP6kjslK0LCMqzhirZxeQ==",
      "requires": {
        "@material/density": "^5.1.0",
        "@material/elevation": "^5.1.0",
        "@material/feature-targeting": "^5.1.0",
        "@material/ripple": "^5.1.0",
        "@material/rtl": "^5.1.0",
        "@material/shape": "^5.1.0",
        "@material/theme": "^5.1.0",
        "@material/touch-target": "^5.1.0",
        "@material/typography": "^5.1.0"
      }
    },
    "@material/card": {
      "version": "5.1.0",
      "resolved": "https://registry.npmjs.org/@material/card/-/card-5.1.0.tgz",
      "integrity": "sha512-/syao6oR/PAvzs04quybeCWHZVn4W2dNnxIOWIJTRQced0/o3gYrHgQSX+edC+6pEnSr3Drwbo2cye7nRdbixA==",
      "requires": {
        "@material/elevation": "^5.1.0",
        "@material/feature-targeting": "^5.1.0",
        "@material/ripple": "^5.1.0",
        "@material/rtl": "^5.1.0",
        "@material/shape": "^5.1.0",
        "@material/theme": "^5.1.0"
      }
    },
    "@material/checkbox": {
      "version": "5.1.0",
      "resolved": "https://registry.npmjs.org/@material/checkbox/-/checkbox-5.1.0.tgz",
      "integrity": "sha512-NwpWxFdWrZNlSjcSEEcGz8UN7ZQ5k8VthExclJnawpYGPUnCPLTXWogREnA2Tyl22PJ6jOy8Ejb8tnpu2rSiaw==",
      "requires": {
        "@material/animation": "^5.1.0",
        "@material/base": "^5.1.0",
        "@material/density": "^5.1.0",
        "@material/dom": "^5.1.0",
        "@material/feature-targeting": "^5.1.0",
        "@material/ripple": "^5.1.0",
        "@material/theme": "^5.1.0",
        "@material/touch-target": "^5.1.0",
        "tslib": "^1.9.3"
      }
    },
    "@material/chips": {
      "version": "5.1.0",
      "resolved": "https://registry.npmjs.org/@material/chips/-/chips-5.1.0.tgz",
      "integrity": "sha512-eYWrobENtXbnGoEx5BEURqoCfoc9aHu1JWq64mF12a/JSk+c035KYMjD4oyhow7dYqobbfQlWWdLQeHoRpYCeA==",
      "requires": {
        "@material/animation": "^5.1.0",
        "@material/base": "^5.1.0",
        "@material/checkbox": "^5.1.0",
        "@material/density": "^5.1.0",
        "@material/dom": "^5.1.0",
        "@material/elevation": "^5.1.0",
        "@material/feature-targeting": "^5.1.0",
        "@material/ripple": "^5.1.0",
        "@material/rtl": "^5.1.0",
        "@material/shape": "^5.1.0",
        "@material/theme": "^5.1.0",
        "@material/touch-target": "^5.1.0",
        "@material/typography": "^5.1.0",
        "tslib": "^1.9.3"
      }
    },
    "@material/data-table": {
      "version": "5.1.0",
      "resolved": "https://registry.npmjs.org/@material/data-table/-/data-table-5.1.0.tgz",
      "integrity": "sha512-vjijTvCHM7sfyPzQ05026nSWT1Bn/3lfj1u0oeYRnym6Ke6Os36x+IF/jFhjsraXKb2we6cof7OdoMFHCU8cqQ==",
      "requires": {
        "@material/animation": "^5.1.0",
        "@material/base": "^5.1.0",
        "@material/checkbox": "^5.1.0",
        "@material/density": "^5.1.0",
        "@material/dom": "^5.1.0",
        "@material/elevation": "^5.1.0",
        "@material/feature-targeting": "^5.1.0",
        "@material/rtl": "^5.1.0",
        "@material/shape": "^5.1.0",
        "@material/theme": "^5.1.0",
        "@material/typography": "^5.1.0",
        "tslib": "^1.10.0"
      }
    },
    "@material/density": {
      "version": "5.1.0",
      "resolved": "https://registry.npmjs.org/@material/density/-/density-5.1.0.tgz",
      "integrity": "sha512-jmp6AgiNYosl+HicxWCa8vib9pg9tNxRcf+6f9LDkDYJ9jtO90PXuypyd0hO64JZ9Df7BywFj5hTWPERG1FBbw=="
    },
    "@material/dialog": {
      "version": "5.1.0",
      "resolved": "https://registry.npmjs.org/@material/dialog/-/dialog-5.1.0.tgz",
      "integrity": "sha512-CxA0W0uzXuwJNivB6Gbb7DvtJL3+J7ghsaSL1HfycXVXfdrT1nSidLyOIthRMVBUBJrAMfusvtzFDgXr0TWqDg==",
      "requires": {
        "@material/animation": "^5.1.0",
        "@material/base": "^5.1.0",
        "@material/button": "^5.1.0",
        "@material/dom": "^5.1.0",
        "@material/elevation": "^5.1.0",
        "@material/feature-targeting": "^5.1.0",
        "@material/ripple": "^5.1.0",
        "@material/rtl": "^5.1.0",
        "@material/shape": "^5.1.0",
        "@material/theme": "^5.1.0",
        "@material/touch-target": "^5.1.0",
        "@material/typography": "^5.1.0",
        "tslib": "^1.9.3"
      }
    },
    "@material/dom": {
      "version": "5.1.0",
      "resolved": "https://registry.npmjs.org/@material/dom/-/dom-5.1.0.tgz",
      "integrity": "sha512-tBbl3hG34Auv+2sboWhtstXeZ9rx3G7hb/jEXs5xZ5KIfZHwY4mbo0KqR/fSJZKaUsvk2Nc/UEOVcUx2mTNmYg==",
      "requires": {
        "tslib": "^1.9.3"
      }
    },
    "@material/drawer": {
      "version": "5.1.0",
      "resolved": "https://registry.npmjs.org/@material/drawer/-/drawer-5.1.0.tgz",
      "integrity": "sha512-Xh/kYkT8QWWXkbCI25ys6av0wrc0wXRfvnRdH34Rz4sZvWC51D6apK2bxGr+AV/uR88zwn6U8pb9cccnr+2Eqw==",
      "requires": {
        "@material/animation": "^5.1.0",
        "@material/base": "^5.1.0",
        "@material/dom": "^5.1.0",
        "@material/elevation": "^5.1.0",
        "@material/feature-targeting": "^5.1.0",
        "@material/list": "^5.1.0",
        "@material/ripple": "^5.1.0",
        "@material/rtl": "^5.1.0",
        "@material/shape": "^5.1.0",
        "@material/theme": "^5.1.0",
        "@material/typography": "^5.1.0",
        "tslib": "^1.9.3"
      }
    },
    "@material/elevation": {
      "version": "5.1.0",
      "resolved": "https://registry.npmjs.org/@material/elevation/-/elevation-5.1.0.tgz",
      "integrity": "sha512-NsWIT+L6x3BLouCOh3H8x885/nCrNNmzCwHEodz/0PcYQsxx9RiIVFkagmJWw/w//jej/D4NotD0xHGKOWTrFA==",
      "requires": {
        "@material/animation": "^5.1.0",
        "@material/base": "^5.1.0",
        "@material/feature-targeting": "^5.1.0",
        "@material/theme": "^5.1.0"
      }
    },
    "@material/fab": {
      "version": "5.1.0",
      "resolved": "https://registry.npmjs.org/@material/fab/-/fab-5.1.0.tgz",
      "integrity": "sha512-mq9I0l4hnsMS+Ko/W7e5A8epElIp3H0UFGJzMlZX5VJBWBpfnykj7fLYnVWtyJ+zFgdLv6rpO/307Kto7gi5Pg==",
      "requires": {
        "@material/animation": "^5.1.0",
        "@material/elevation": "^5.1.0",
        "@material/feature-targeting": "^5.1.0",
        "@material/ripple": "^5.1.0",
        "@material/rtl": "^5.1.0",
        "@material/shape": "^5.1.0",
        "@material/theme": "^5.1.0",
        "@material/touch-target": "^5.1.0",
        "@material/typography": "^5.1.0"
      }
    },
    "@material/feature-targeting": {
      "version": "5.1.0",
      "resolved": "https://registry.npmjs.org/@material/feature-targeting/-/feature-targeting-5.1.0.tgz",
      "integrity": "sha512-z3JNWF7lP9WOzw1xBwul/HAOu4qC6EpK/8MkhjLNI9APvdYML82PWS1V0k0MiqA6Jk6uxm8DiVAk9VUqBa9/YA=="
    },
    "@material/floating-label": {
      "version": "5.1.0",
      "resolved": "https://registry.npmjs.org/@material/floating-label/-/floating-label-5.1.0.tgz",
      "integrity": "sha512-5EwPiBa5A4Q678tNWdkkBGDdSCDzudhVgBtRiA/7xRo4dHXiBxX5bhE+RHrF3ZQyEf6fsShspqwAFkTA1EaplQ==",
      "requires": {
        "@material/animation": "^5.1.0",
        "@material/base": "^5.1.0",
        "@material/dom": "^5.1.0",
        "@material/feature-targeting": "^5.1.0",
        "@material/rtl": "^5.1.0",
        "@material/theme": "^5.1.0",
        "@material/typography": "^5.1.0",
        "tslib": "^1.9.3"
      }
    },
    "@material/form-field": {
      "version": "5.1.0",
      "resolved": "https://registry.npmjs.org/@material/form-field/-/form-field-5.1.0.tgz",
      "integrity": "sha512-gF2YoeCd41fIM7U1v3psEqiUdwbylbzb6BuvmcKmH0OQBP6lnRbLSbgKWldcHx2VyKTdqusu/bv6/NAe/98QiQ==",
      "requires": {
        "@material/base": "^5.1.0",
        "@material/feature-targeting": "^5.1.0",
        "@material/ripple": "^5.1.0",
        "@material/rtl": "^5.1.0",
        "@material/theme": "^5.1.0",
        "@material/typography": "^5.1.0",
        "tslib": "^1.9.3"
      }
    },
    "@material/icon-button": {
      "version": "5.1.0",
      "resolved": "https://registry.npmjs.org/@material/icon-button/-/icon-button-5.1.0.tgz",
      "integrity": "sha512-HLdSkqDH1wx5YSBHz8dGEL2BKv8IDqhRul7wea9i9/3RcQz3hb5+OYpq8iiXqpxcVPVlWNud2w1oyvmEXRTdZQ==",
      "requires": {
        "@material/base": "^5.1.0",
        "@material/density": "^5.1.0",
        "@material/feature-targeting": "^5.1.0",
        "@material/ripple": "^5.1.0",
        "@material/theme": "^5.1.0",
        "tslib": "^1.9.3"
      }
    },
    "@material/image-list": {
      "version": "5.1.0",
      "resolved": "https://registry.npmjs.org/@material/image-list/-/image-list-5.1.0.tgz",
      "integrity": "sha512-LFl7W8AFp2baFY38BBGVX5C6c/zZoPOsHsRMhVP8jvIH5q1BfUg6SaXkleos6Yxmy+18hdPnVuWdAQ38hhje8Q==",
      "requires": {
        "@material/feature-targeting": "^5.1.0",
        "@material/shape": "^5.1.0",
        "@material/theme": "^5.1.0",
        "@material/typography": "^5.1.0"
      }
    },
    "@material/layout-grid": {
      "version": "5.1.0",
      "resolved": "https://registry.npmjs.org/@material/layout-grid/-/layout-grid-5.1.0.tgz",
      "integrity": "sha512-6TvPVZE+UGVfmzttbRp0K6SOUvFmYI5W8p966Vztg8dYK122ondRJqMmyFf0SS0CdbrbO+bSW7/S3YkpPNrvAg=="
    },
    "@material/line-ripple": {
      "version": "5.1.0",
      "resolved": "https://registry.npmjs.org/@material/line-ripple/-/line-ripple-5.1.0.tgz",
      "integrity": "sha512-esf2/ROZl1eVpyGCWPvxMSGVkuIOG5Fm6qufOLp7XIx5IL1O0bsm+bV6cVC4JCCtmNOag4GOBgkKKbkOvp/R6g==",
      "requires": {
        "@material/animation": "^5.1.0",
        "@material/base": "^5.1.0",
        "@material/feature-targeting": "^5.1.0",
        "@material/theme": "^5.1.0",
        "tslib": "^1.9.3"
      }
    },
    "@material/linear-progress": {
      "version": "5.1.0",
      "resolved": "https://registry.npmjs.org/@material/linear-progress/-/linear-progress-5.1.0.tgz",
      "integrity": "sha512-wuBH2Y7psdiG5ubsKCHFWriHv4IqLeUARCmHoHyFsAdW0snwMPzSgb2mbVDiGl5gjWbSDxBsqGjKo5kOl3Vaug==",
      "requires": {
        "@material/animation": "^5.1.0",
        "@material/base": "^5.1.0",
        "@material/feature-targeting": "^5.1.0",
        "@material/progress-indicator": "^5.1.0",
        "@material/theme": "^5.1.0",
        "tslib": "^1.9.3"
      }
    },
    "@material/list": {
      "version": "5.1.0",
      "resolved": "https://registry.npmjs.org/@material/list/-/list-5.1.0.tgz",
      "integrity": "sha512-fcHMJLmmtFYeMU8CO9VsXoRRm3/2jhPVMWK3lpuARZxvkNyZqjQG0mGtpWgw4oekerM/B37TGGFmN3R5DSyGcg==",
      "requires": {
        "@material/base": "^5.1.0",
        "@material/density": "^5.1.0",
        "@material/dom": "^5.1.0",
        "@material/feature-targeting": "^5.1.0",
        "@material/ripple": "^5.1.0",
        "@material/rtl": "^5.1.0",
        "@material/shape": "^5.1.0",
        "@material/theme": "^5.1.0",
        "@material/typography": "^5.1.0",
        "tslib": "^1.9.3"
      }
    },
    "@material/menu": {
      "version": "5.1.0",
      "resolved": "https://registry.npmjs.org/@material/menu/-/menu-5.1.0.tgz",
      "integrity": "sha512-ssJNcbdyLewgL7hnj4C7JeXO3GvV4G2i1//Ych2s+au7AcJ/6/YeTTKhiCkoSpS7pb7axB3dMKwQWor2glec5Q==",
      "requires": {
        "@material/base": "^5.1.0",
        "@material/dom": "^5.1.0",
        "@material/elevation": "^5.1.0",
        "@material/feature-targeting": "^5.1.0",
        "@material/list": "^5.1.0",
        "@material/menu-surface": "^5.1.0",
        "@material/ripple": "^5.1.0",
        "@material/rtl": "^5.1.0",
        "@material/theme": "^5.1.0",
        "tslib": "^1.9.3"
      }
    },
    "@material/menu-surface": {
      "version": "5.1.0",
      "resolved": "https://registry.npmjs.org/@material/menu-surface/-/menu-surface-5.1.0.tgz",
      "integrity": "sha512-8EqkrKP92O4xaPVItz2841OfmuH3zyCclU1iC0NSBa39MwmYt7ML3IEaOXwOzKlcNGOcC7qPeqcpYlUsfMYX3g==",
      "requires": {
        "@material/animation": "^5.1.0",
        "@material/base": "^5.1.0",
        "@material/elevation": "^5.1.0",
        "@material/feature-targeting": "^5.1.0",
        "@material/rtl": "^5.1.0",
        "@material/shape": "^5.1.0",
        "@material/theme": "^5.1.0",
        "tslib": "^1.9.3"
      }
    },
    "@material/notched-outline": {
      "version": "5.1.0",
      "resolved": "https://registry.npmjs.org/@material/notched-outline/-/notched-outline-5.1.0.tgz",
      "integrity": "sha512-mQ3NjJR1jLXnJi6jhs20ftTf0yU1gWpYlyx1GizU0f7pLEqcIrFnw6G+pavcnKqP+JXNkzAQeGbmZvYBQnxokA==",
      "requires": {
        "@material/base": "^5.1.0",
        "@material/feature-targeting": "^5.1.0",
        "@material/floating-label": "^5.1.0",
        "@material/rtl": "^5.1.0",
        "@material/shape": "^5.1.0",
        "@material/theme": "^5.1.0",
        "tslib": "^1.9.3"
      }
    },
    "@material/progress-indicator": {
      "version": "5.1.0",
      "resolved": "https://registry.npmjs.org/@material/progress-indicator/-/progress-indicator-5.1.0.tgz",
      "integrity": "sha512-+bsiQogKFu42Td8cXpsxX1u2BOyB4erR6NBWMrSWZJNmKM95EFQrQEnr9nxfU94bY47V3UqYtcAY9Y6GgfJyZQ==",
      "requires": {
        "tslib": "^1.9.3"
      }
    },
    "@material/radio": {
      "version": "5.1.0",
      "resolved": "https://registry.npmjs.org/@material/radio/-/radio-5.1.0.tgz",
      "integrity": "sha512-srAchlY1TKkmQAdMHqbP9vLkN7gmiWX6FGzArgKomd6Es8OqF2P3jvPcQizqz4OFYZIMrxARdW6r8QvhG0lZEg==",
      "requires": {
        "@material/animation": "^5.1.0",
        "@material/base": "^5.1.0",
        "@material/density": "^5.1.0",
        "@material/dom": "^5.1.0",
        "@material/feature-targeting": "^5.1.0",
        "@material/ripple": "^5.1.0",
        "@material/theme": "^5.1.0",
        "@material/touch-target": "^5.1.0",
        "tslib": "^1.9.3"
      }
    },
    "@material/ripple": {
      "version": "5.1.0",
      "resolved": "https://registry.npmjs.org/@material/ripple/-/ripple-5.1.0.tgz",
      "integrity": "sha512-mluIf+HaaCplszp9/MAl178FpfIJWi5hSyQOpF7w8RTzRSaH8J0uwgmn8VeNnwe1TAWio0vQzHrz4iEg2r7Ngw==",
      "requires": {
        "@material/animation": "^5.1.0",
        "@material/base": "^5.1.0",
        "@material/dom": "^5.1.0",
        "@material/feature-targeting": "^5.1.0",
        "@material/theme": "^5.1.0",
        "tslib": "^1.9.3"
      }
    },
    "@material/rtl": {
      "version": "5.1.0",
      "resolved": "https://registry.npmjs.org/@material/rtl/-/rtl-5.1.0.tgz",
      "integrity": "sha512-Hij4KJIfjK63HArdQ3K1INMo0MbigDgL0JhjO1VDk5c+iYmYpjDI7wgPLmV5ISCBtenXRWpo1xbBO3uEmtCd4Q=="
    },
    "@material/select": {
      "version": "5.1.0",
      "resolved": "https://registry.npmjs.org/@material/select/-/select-5.1.0.tgz",
      "integrity": "sha512-AAXscWDMjpVfO91VYKhxdP8XTyZ6fJFNFEgL0lxccvRqU8qFt5cPQ+7W1IgMWYdrnvHhANa8DLTrpnepSq4irQ==",
      "requires": {
        "@material/animation": "^5.1.0",
        "@material/base": "^5.1.0",
        "@material/floating-label": "^5.1.0",
        "@material/line-ripple": "^5.1.0",
        "@material/menu": "^5.1.0",
        "@material/menu-surface": "^5.1.0",
        "@material/notched-outline": "^5.1.0",
        "@material/ripple": "^5.1.0",
        "@material/rtl": "^5.1.0",
        "@material/shape": "^5.1.0",
        "@material/theme": "^5.1.0",
        "@material/typography": "^5.1.0",
        "tslib": "^1.9.3"
      }
    },
    "@material/shape": {
      "version": "5.1.0",
      "resolved": "https://registry.npmjs.org/@material/shape/-/shape-5.1.0.tgz",
      "integrity": "sha512-/k27T9fhQ1zj7VCsS26nv0TzsOi142ncik2mycEXq8753PDBotob7Y19pbwivwt9QxkglhMGH0EaWdZPzBoQXw==",
      "requires": {
        "@material/feature-targeting": "^5.1.0",
        "@material/rtl": "^5.1.0"
      }
    },
    "@material/slider": {
      "version": "5.1.0",
      "resolved": "https://registry.npmjs.org/@material/slider/-/slider-5.1.0.tgz",
      "integrity": "sha512-3+0kIgqowmUK0AXOC0jvR+8fqFJobdWuthfbuYBV+PFGBa9+zUow6Txf/yrhtCeQ01FHXw2iNeEFXSws+MYP9w==",
      "requires": {
        "@material/animation": "^5.1.0",
        "@material/base": "^5.1.0",
        "@material/dom": "^5.1.0",
        "@material/feature-targeting": "^5.1.0",
        "@material/rtl": "^5.1.0",
        "@material/theme": "^5.1.0",
        "@material/typography": "^5.1.0",
        "tslib": "^1.9.3"
      }
    },
    "@material/snackbar": {
      "version": "5.1.0",
      "resolved": "https://registry.npmjs.org/@material/snackbar/-/snackbar-5.1.0.tgz",
      "integrity": "sha512-bn6WydEGKZxq24aZ6BfnLGPbhCww2srOe+mn2W9VJFBfZEh9qnCcya2jHs295pPbzRtDM1b2oR2LiAKBfIBt3A==",
      "requires": {
        "@material/animation": "^5.1.0",
        "@material/base": "^5.1.0",
        "@material/button": "^5.1.0",
        "@material/dom": "^5.1.0",
        "@material/elevation": "^5.1.0",
        "@material/feature-targeting": "^5.1.0",
        "@material/icon-button": "^5.1.0",
        "@material/ripple": "^5.1.0",
        "@material/rtl": "^5.1.0",
        "@material/shape": "^5.1.0",
        "@material/theme": "^5.1.0",
        "@material/typography": "^5.1.0",
        "tslib": "^1.9.3"
      }
    },
    "@material/switch": {
      "version": "5.1.0",
      "resolved": "https://registry.npmjs.org/@material/switch/-/switch-5.1.0.tgz",
      "integrity": "sha512-cHFzquY8NINZIIaDdA+T3gwBR5V0lRORh6BNq4EBD69GiGQamoz1S8APr5ea1Sodt7Dm1yzkDRbbDO+yoNgR9g==",
      "requires": {
        "@material/animation": "^5.1.0",
        "@material/base": "^5.1.0",
        "@material/density": "^5.1.0",
        "@material/dom": "^5.1.0",
        "@material/elevation": "^5.1.0",
        "@material/feature-targeting": "^5.1.0",
        "@material/ripple": "^5.1.0",
        "@material/rtl": "^5.1.0",
        "@material/theme": "^5.1.0",
        "tslib": "^1.9.3"
      }
    },
    "@material/tab": {
      "version": "5.1.0",
      "resolved": "https://registry.npmjs.org/@material/tab/-/tab-5.1.0.tgz",
      "integrity": "sha512-awur1Yv2QjJ8ghNyZ/oF6MThxczGDdGqimrzcgS0wI04sg2eTiU5Ed6KV3VILVsD9fA8kKR/e5XEh0CXjqhUYQ==",
      "requires": {
        "@material/base": "^5.1.0",
        "@material/feature-targeting": "^5.1.0",
        "@material/ripple": "^5.1.0",
        "@material/rtl": "^5.1.0",
        "@material/tab-indicator": "^5.1.0",
        "@material/theme": "^5.1.0",
        "@material/typography": "^5.1.0",
        "tslib": "^1.9.3"
      }
    },
    "@material/tab-bar": {
      "version": "5.1.0",
      "resolved": "https://registry.npmjs.org/@material/tab-bar/-/tab-bar-5.1.0.tgz",
      "integrity": "sha512-zK1Fe+in5cjkNIQH3Z7NiKqz0hNWehgr5e8lO0MxAFoTRodxUw5OhM9rse18c42uW+fItTJeSpLdz7RceENpyw==",
      "requires": {
        "@material/animation": "^5.1.0",
        "@material/base": "^5.1.0",
        "@material/density": "^5.1.0",
        "@material/feature-targeting": "^5.1.0",
        "@material/tab": "^5.1.0",
        "@material/tab-scroller": "^5.1.0",
        "tslib": "^1.9.3"
      }
    },
    "@material/tab-indicator": {
      "version": "5.1.0",
      "resolved": "https://registry.npmjs.org/@material/tab-indicator/-/tab-indicator-5.1.0.tgz",
      "integrity": "sha512-vy/oBsvRQaQ2EscsgFp9xu7tZM6UBECmNxcC1k2eQGhNjy7olkoL9bX/ymiN4xAjQYqvP6BnC3LN3IywvKMTxQ==",
      "requires": {
        "@material/animation": "^5.1.0",
        "@material/base": "^5.1.0",
        "@material/feature-targeting": "^5.1.0",
        "@material/theme": "^5.1.0",
        "tslib": "^1.9.3"
      }
    },
    "@material/tab-scroller": {
      "version": "5.1.0",
      "resolved": "https://registry.npmjs.org/@material/tab-scroller/-/tab-scroller-5.1.0.tgz",
      "integrity": "sha512-7b1Ea5tLc0A0iQEWYHXj8jfdJgYFMaaWjs9BOJyPBw7m2PyDnVwPGngPC5RqmxjDdyEeXbtDHsnMLZmjdT5g6A==",
      "requires": {
        "@material/animation": "^5.1.0",
        "@material/base": "^5.1.0",
        "@material/dom": "^5.1.0",
        "@material/feature-targeting": "^5.1.0",
        "@material/tab": "^5.1.0",
        "tslib": "^1.9.3"
      }
    },
    "@material/textfield": {
      "version": "5.1.0",
      "resolved": "https://registry.npmjs.org/@material/textfield/-/textfield-5.1.0.tgz",
      "integrity": "sha512-Vipvw75AXj4G/BGXv3DyrGozbvHxGtcNGig1e5pz1ERvcmZN5epLyGStznxEIZYNf0Q+6O/NwSRxZGgrdI2w8w==",
      "requires": {
        "@material/animation": "^5.1.0",
        "@material/base": "^5.1.0",
        "@material/density": "^5.1.0",
        "@material/dom": "^5.1.0",
        "@material/feature-targeting": "^5.1.0",
        "@material/floating-label": "^5.1.0",
        "@material/line-ripple": "^5.1.0",
        "@material/notched-outline": "^5.1.0",
        "@material/ripple": "^5.1.0",
        "@material/rtl": "^5.1.0",
        "@material/shape": "^5.1.0",
        "@material/theme": "^5.1.0",
        "@material/typography": "^5.1.0",
        "tslib": "^1.9.3"
      }
    },
    "@material/theme": {
      "version": "5.1.0",
      "resolved": "https://registry.npmjs.org/@material/theme/-/theme-5.1.0.tgz",
      "integrity": "sha512-VoaCYAubn/oEG1/fu/yP4nxAw8sLEphFOGGBJxcPGQoLgQ9qcvibsV3G5H9S6AtmhJxgSGU0JnO9TaiuhQq5zA==",
      "requires": {
        "@material/feature-targeting": "^5.1.0"
      }
    },
    "@material/top-app-bar": {
      "version": "5.1.0",
      "resolved": "https://registry.npmjs.org/@material/top-app-bar/-/top-app-bar-5.1.0.tgz",
      "integrity": "sha512-ySCUpwIFnCmY/I9/XPs0IPBCvjWzc2NQ7mquG7qQoaUVUqWTNMyL15zG6CeDf2/Nk14mlSRNM4LRPFWenCdJoQ==",
      "requires": {
        "@material/animation": "^5.1.0",
        "@material/base": "^5.1.0",
        "@material/elevation": "^5.1.0",
        "@material/ripple": "^5.1.0",
        "@material/rtl": "^5.1.0",
        "@material/shape": "^5.1.0",
        "@material/theme": "^5.1.0",
        "@material/typography": "^5.1.0",
        "tslib": "^1.9.3"
      }
    },
    "@material/touch-target": {
      "version": "5.1.0",
      "resolved": "https://registry.npmjs.org/@material/touch-target/-/touch-target-5.1.0.tgz",
      "integrity": "sha512-lR3eoL1D0I/hyEK6I7bMFDBy/pE0yYvjYUZtL1vC7+2i54A4FgQ2hwnpQJVaZQXzrHdj6xsXmODphmUsH5gqPA==",
      "requires": {
        "@material/base": "^5.1.0",
        "@material/feature-targeting": "^5.1.0"
      }
    },
    "@material/typography": {
      "version": "5.1.0",
      "resolved": "https://registry.npmjs.org/@material/typography/-/typography-5.1.0.tgz",
      "integrity": "sha512-yh02koa6JLyPT5u7Zb31kyqhoZoppL0n9FmZK+eHXZcfeDF7ROL0UmtRsEjQxfnCNZRR+FIhAgrzdYxClwH05g==",
      "requires": {
        "@material/feature-targeting": "^5.1.0",
        "@material/theme": "^5.1.0"
      }
    },
    "material-components-web": {
      "version": "5.1.0",
      "resolved": "https://registry.npmjs.org/material-components-web/-/material-components-web-5.1.0.tgz",
      "integrity": "sha512-02P8D749kXZBjnTb16ISwucD2TLiw3j7mbjVnAF4+jNlEuNv1cB1qtXSzsavGpATzgoDU0xvzufrfBUqHIaAVA==",
      "requires": {
        "@material/animation": "^5.1.0",
        "@material/auto-init": "^5.1.0",
        "@material/base": "^5.1.0",
        "@material/button": "^5.1.0",
        "@material/card": "^5.1.0",
        "@material/checkbox": "^5.1.0",
        "@material/chips": "^5.1.0",
        "@material/data-table": "^5.1.0",
        "@material/density": "^5.1.0",
        "@material/dialog": "^5.1.0",
        "@material/dom": "^5.1.0",
        "@material/drawer": "^5.1.0",
        "@material/elevation": "^5.1.0",
        "@material/fab": "^5.1.0",
        "@material/feature-targeting": "^5.1.0",
        "@material/floating-label": "^5.1.0",
        "@material/form-field": "^5.1.0",
        "@material/icon-button": "^5.1.0",
        "@material/image-list": "^5.1.0",
        "@material/layout-grid": "^5.1.0",
        "@material/line-ripple": "^5.1.0",
        "@material/linear-progress": "^5.1.0",
        "@material/list": "^5.1.0",
        "@material/menu": "^5.1.0",
        "@material/menu-surface": "^5.1.0",
        "@material/notched-outline": "^5.1.0",
        "@material/radio": "^5.1.0",
        "@material/ripple": "^5.1.0",
        "@material/rtl": "^5.1.0",
        "@material/select": "^5.1.0",
        "@material/shape": "^5.1.0",
        "@material/slider": "^5.1.0",
        "@material/snackbar": "^5.1.0",
        "@material/switch": "^5.1.0",
        "@material/tab": "^5.1.0",
        "@material/tab-bar": "^5.1.0",
        "@material/tab-indicator": "^5.1.0",
        "@material/tab-scroller": "^5.1.0",
        "@material/textfield": "^5.1.0",
        "@material/theme": "^5.1.0",
        "@material/top-app-bar": "^5.1.0",
        "@material/touch-target": "^5.1.0",
        "@material/typography": "^5.1.0"
      }
    },
    "requirejs": {
      "version": "2.3.6",
      "resolved": "https://registry.npmjs.org/requirejs/-/requirejs-2.3.6.tgz",
      "integrity": "sha512-ipEzlWQe6RK3jkzikgCupiTbTvm4S0/CAU5GlgptkN5SO6F3u0UD0K18wy6ErDqiCyP4J4YYe1HuAShvsxePLg==",
      "dev": true
    },
    "tslib": {
      "version": "1.11.1",
      "resolved": "https://registry.npmjs.org/tslib/-/tslib-1.11.1.tgz",
      "integrity": "sha512-aZW88SY8kQbU7gpV19lN24LtXh/yD4ZZg6qieAJDDg+YBsJcSmLGK9QpnUjAKVG/xefmvJGd1WUmfpT/g6AJGA=="
    }
  }
}
